
Microsoft Visual Studio Solution File, Format Version 12.00
Project("{FAE04EC0-301F-11D3-BF4B-00C04F79EFBC}") = "Kollavarsham.Net", "Kollavarsham.Net\Kollavarsham.Net.csproj", "{7F0B5A53-1C13-4948-8A70-41282B1C0D2D}"
EndProject
Project("{FAE04EC0-301F-11D3-BF4B-00C04F79EFBC}") = "Kollavarsham.Net.Tests", "Kollavarsham.Net.Tests\Kollavarsham.Net.Tests.csproj", "{6768140F-973E-4868-9F6F-A53EEDB097FB}"
EndProject
Global
	GlobalSection(SolutionConfigurationPlatforms) = preSolution
		Debug|Any CPU = Debug|Any CPU
		Release|Any CPU = Release|Any CPU
	EndGlobalSection
	GlobalSection(ProjectConfigurationPlatforms) = postSolution
		{7F0B5A53-1C13-4948-8A70-41282B1C0D2D}.Debug|Any CPU.ActiveCfg = Debug|Any CPU
		{7F0B5A53-1C13-4948-8A70-41282B1C0D2D}.Debug|Any CPU.Build.0 = Debug|Any CPU
		{7F0B5A53-1C13-4948-8A70-41282B1C0D2D}.Release|Any CPU.ActiveCfg = Release|Any CPU
		{7F0B5A53-1C13-4948-8A70-41282B1C0D2D}.Release|Any CPU.Build.0 = Release|Any CPU
		{6768140F-973E-4868-9F6F-A53EEDB097FB}.Debug|Any CPU.ActiveCfg = Debug|Any CPU
		{6768140F-973E-4868-9F6F-A53EEDB097FB}.Debug|Any CPU.Build.0 = Debug|Any CPU
		{6768140F-973E-4868-9F6F-A53EEDB097FB}.Release|Any CPU.ActiveCfg = Release|Any CPU
		{6768140F-973E-4868-9F6F-A53EEDB097FB}.Release|Any CPU.Build.0 = Release|Any CPU
	EndGlobalSection
EndGlobal
